github.com/PuerkitoBio/goquery v1.8.0 h1:PJTF7AmFCFKk1N6V6jmKfrNH9tV5pNE6lZMkG0gta/U=
github.com/PuerkitoBio/goquery v1.8.0/go.mod h1:ypIiRMtY7COPGk+I/YbZLbxsxn9g5ejnI2HSMtkjZvI=
github.com/VividCortex/ewma v1.2.0 h1:f58SaIzcDXrSy3kWaHNvuJgJ3Nmz59Zji6XoJR/q1ow=
github.com/VividCortex/ewma v1.2.0/go.mod h1:nz4BbCtbLyFDeC9SUHbtcT5644juEuWfUAUnGx7j5l4=
github.com/acarl005/stripansi v0.0.0-20180116102854-5a71ef0e047d h1:licZJFw2RwpHMqeKTCYkitsPqHNxTmd4SNR5r94FGM8=
github.com/acarl005/stripansi v0.0.0-20180116102854-5a71ef0e047d/go.mod h1:asat636LX7Bqt5lYEZ27JNDcqxfjdBQuJ/MM4CN/Lzo=
github.com/andybalholm/cascadia v1.3.1 h1:nhxRkql1kdYCc8Snf7D5/D3spOX+dBgjA6u8x004T2c=
github.com/andybalholm/cascadia v1.3.1/go.mod h1:R4bJ1UQfqADjvDa4P6HZHLh/3OxWWEqc0Sk8XGwHqvA=
github.com/aquasecurity/table v1.8.0 h1:9ntpSwrUfjrM6/YviArlx/ZBGd6ix8W+MtojQcM7tv0=
github.com/aquasecurity/table v1.8.0/go.mod h1:eqOmvjjB7AhXFgFqpJUEE/ietg7RrMSJZXyTN8E/wZw=
github.com/aws/aws-sdk-go-v2 v1.16.16/go.mod h1:SwiyXi/1zTUZ6KIAmLK5V5ll8SiURNUYOqTerZPaF9k=
github.com/aws/aws-sdk-go-v2 v1.17.0/go.mod h1:SwiyXi/1zTUZ6KIAmLK5V5ll8SiURNUYOqTerZPaF9k=
github.com/aws/aws-sdk-go-v2 v1.17.1 h1:02c72fDJr87N8RAC2s3Qu0YuvMRZKNZJ9F+lAehCazk=
github.com/aws/aws-sdk-go-v2 v1.17.1/go.mod h1:JLnGeGONAyi2lWXI1p0PCIOIy333JMVK1U7Hf0aRFLw=
github.com/aws/aws-sdk-go-v2/aws/protocol/eventstream v1.4.8 h1:tcFliCWne+zOuUfKNRn8JdFBuWPDuISDH08wD2ULkhk=
github.com/aws/aws-sdk-go-v2/aws/protocol/eventstream v1.4.8/go.mod h1:JTnlBSot91steJeti4ryyu/tLd4Sk84O5W22L7O2EQU=
github.com/aws/aws-sdk-go-v2/config v1.17.8 h1:b9LGqNnOdg9vR4Q43tBTVWk4J6F+W774MSchvKJsqnE=
github.com/aws/aws-sdk-go-v2/config v1.17.8/go.mod h1:UkCI3kb0sCdvtjiXYiU4Zx5h07BOpgBTtkPu/49r+kA=
github.com/aws/aws-sdk-go-v2/credentials v1.12.21 h1:4tjlyCD0hRGNQivh5dN8hbP30qQhMLBE/FgQR1vHHWM=
github.com/aws/aws-sdk-go-v2/credentials v1.12.21/go.mod h1:O+4XyAt4e+oBAoIwNUYkRg3CVMscaIJdmZBOcPgJ8D8=
github.com/aws/aws-sdk-go-v2/feature/ec2/imds v1.12.17 h1:r08j4sbZu/RVi+BNxkBJwPMUYY3P8mgSDuKkZ/ZN1lE=
github.com/aws/aws-sdk-go-v2/feature/ec2/imds v1.12.17/go.mod h1:yIkQcCDYNsZfXpd5UX2Cy+sWA1jPgIhGTw9cOBzfVnQ=
github.com/aws/aws-sdk-go-v2/internal/configsources v1.1.23/go.mod h1:2DFxAQ9pfIRy0imBCJv+vZ2X6RKxves6fbnEuSry6b4=
github.com/aws/aws-sdk-go-v2/internal/configsources v1.1.24/go.mod h1:ghMzB/j2wRbPx5/4jPYxJdOtCG2ggrtY01j8K7FMBDA=
github.com/aws/aws-sdk-go-v2/internal/configsources v1.1.25 h1:nBO/RFxeq/IS5G9Of+ZrgucRciie2qpLy++3UGZ+q2E=
github.com/aws/aws-sdk-go-v2/internal/configsources v1.1.25/go.mod h1:Zb29PYkf42vVYQY6pvSyJCJcFHlPIiY+YKdPtwnvMkY=
github.com/aws/aws-sdk-go-v2/internal/endpoints/v2 v2.4.17/go.mod h1:pRwaTYCJemADaqCbUAxltMoHKata7hmB5PjEXeu0kfg=
github.com/aws/aws-sdk-go-v2/internal/endpoints/v2 v2.4.18/go.mod h1:fkQKYK/jUhCL/wNS1tOPrlYhr9vqutjCz4zZC1wBE1s=
github.com/aws/aws-sdk-go-v2/internal/endpoints/v2 v2.4.19 h1:oRHDrwCTVT8ZXi4sr9Ld+EXk7N/KGssOr2ygNeojEhw=
github.com/aws/aws-sdk-go-v2/internal/endpoints/v2 v2.4.19/go.mod h1:6Q0546uHDp421okhmmGfbxzq2hBqbXFNpi4k+Q1JnQA=
github.com/aws/aws-sdk-go-v2/internal/ini v1.3.24 h1:wj5Rwc05hvUSvKuOF29IYb9QrCLjU+rHAy/x/o0DK2c=
github.com/aws/aws-sdk-go-v2/internal/ini v1.3.24/go.mod h1:jULHjqqjDlbyTa7pfM7WICATnOv+iOhjletM3N0Xbu8=
github.com/aws/aws-sdk-go-v2/internal/v4a v1.0.14 h1:ZSIPAkAsCCjYrhqfw2+lNzWDzxzHXEckFkTePL5RSWQ=
github.com/aws/aws-sdk-go-v2/internal/v4a v1.0.14/go.mod h1:AyGgqiKv9ECM6IZeNQtdT8NnMvUb3/2wokeq2Fgryto=
github.com/aws/aws-sdk-go-v2/service/apigateway v1.15.22 h1:1j2Ww+oWbVexc97e4SgyRoeUmHKWkrjat8w0qVUBRn8=
github.com/aws/aws-sdk-go-v2/service/apigateway v1.15.22/go.mod h1:3olVANhEv+CFhEvC/TTkqh+1kg+r0px3CbH5eRKx7J4=
github.com/aws/aws-sdk-go-v2/service/apigatewayv2 v1.12.19 h1:oZreIJ6mCG61B/u985fIZhz/ppHcuFf9LIQPdgm3P98=
github.com/aws/aws-sdk-go-v2/service/apigatewayv2 v1.12.19/go.mod h1:lnpM5iBPJOc/dk7XRVMOTETlMC2HSI4Mk5psnmcA3mo=
github.com/aws/aws-sdk-go-v2/service/apprunner v1.15.0 h1:bX586RbPhYHIZKQ01cEUImiHU5y/7Ob5R9c5N6jhGuc=
github.com/aws/aws-sdk-go-v2/service/apprunner v1.15.0/go.mod h1:NgTcDA7LdWjNGGBhS09XMVuwr8MZSFy/4G+BwZASviE=
github.com/aws/aws-sdk-go-v2/service/appsync v1.15.12 h1:9U4aTJJsCHPjXvAf3Wjre1i0IuOAI8ENF7YrqsPDqzk=
github.com/aws/aws-sdk-go-v2/service/appsync v1.15.12/go.mod h1:2msMzklr25bWQhF9Npt2Ojkipy7WY0Q9i5a8NUg+x9Q=
github.com/aws/aws-sdk-go-v2/service/cloudformation v1.22.11 h1:BCsaQjXAu98MxMI3ko6ydrEPLfkl0OqXlVmv1eqjpUQ=
github.com/aws/aws-sdk-go-v2/service/cloudformation v1.22.11/go.mod h1:7DTKdHCF+93jaD0k/XOa0hbIWJtlbz+/zbX9+eAS8XE=
github.com/aws/aws-sdk-go-v2/service/cloudfront v1.20.6 h1:MbPY2MDx74/q8VMUBonEGZrEE3nSC1CjgfOBK7tksus=
github.com/aws/aws-sdk-go-v2/service/cloudfront v1.20.6/go.mod h1:FWiy8pqZs4UuRlVlNxpCDS1lRh1Qyidh1xcg24k67SE=
github.com/aws/aws-sdk-go-v2/service/cloudwatchlogs v1.16.0 h1:xOcB5Poga/bjOi+CJnNLP+FJvfxds430zYfQxSNnqTI=
github.com/aws/aws-sdk-go-v2/service/cloudwatchlogs v1.16.0/go.mod h1:9feOMWt3rxs46DqBVHco7z1KxRG36bKUqtv306cAtaA=
github.com/aws/aws-sdk-go-v2/service/codebuild v1.19.19 h1:zJfK4MT/AUswNYWrDUPE/hUmIJxB4wetdId/D72QOXQ=
github.com/aws/aws-sdk-go-v2/service/codebuild v1.19.19/go.mod h1:2uDPzP+kGGzUjC6W+goku6WYmLZSS1e4iIkx8kiqmFg=
github.com/aws/aws-sdk-go-v2/service/codecommit v1.13.19 h1:u3QWKvbwByHrc8OZ8SNb1kp9NK9obaABNbNSdKOrpZc=
github.com/aws/aws-sdk-go-v2/service/codecommit v1.13.19/go.mod h1:1v2bYslyzD80TysR/0YRiAk/m+gNRhM2Zo39ldK/PNo=
github.com/aws/aws-sdk-go-v2/service/docdb v1.19.14 h1:TLqHPkhMJNzKVWjo7c1BZBqkePKr0xRKiaOGyoTGJCY=
github.com/aws/aws-sdk-go-v2/service/docdb v1.19.14/go.mod h1:SJncjLW+0PykKd5bUp/QwIIpizudvSTBJPhm664lpGQ=
github.com/aws/aws-sdk-go-v2/service/ec2 v1.63.2 h1:gqpc3BU2YV0mbrLwFPbS1asE00jyxT7FrjoOEAc5Z/o=
github.com/aws/aws-sdk-go-v2/service/ec2 v1.63.2/go.mod h1:dLzDuuVAoRun6jMAqPm2HykFJvgt5Ll1IAl4WmwQ8s4=
github.com/aws/aws-sdk-go-v2/service/ecs v1.18.24 h1:AiUxoSHwCleBjLvj0/KJEAP+Aedu2LD0j6AuHcwpzbM=
github.com/aws/aws-sdk-go-v2/service/ecs v1.18.24/go.mod h1:6bV2xEub6Vch19ZZASMbrNMNIpBPTwy64r9WIQ+wsSE=
github.com/aws/aws-sdk-go-v2/service/efs v1.17.18 h1:hOMWGbtHoNfiZsJv7dyTZrooWZz20yVB7aOixSStf50=
github.com/aws/aws-sdk-go-v2/service/efs v1.17.18/go.mod h1:DdO6hLx0XiYuj2Tn8VsR8et3BW1aXiv74GfsjHvhN9U=
github.com/aws/aws-sdk-go-v2/service/eks v1.22.2 h1:4PL050E3fIDMT82puJZTkZIMuYyec9mCJ0Sgc8N9+so=
github.com/aws/aws-sdk-go-v2/service/eks v1.22.2/go.mod h1:G+gfImQ9cRCer5MlytWLYUC+HgP8e396FOhsRkmKP6w=
github.com/aws/aws-sdk-go-v2/service/elasticloadbalancing v1.14.20 h1:+pjpsr6Wij4gSUeajiKjWLGOBCz5rDqrKBdsWFmK9tE=
github.com/aws/aws-sdk-go-v2/service/elasticloadbalancing v1.14.20/go.mod h1:gHgx63dm28U/o5NotzfFWhxUASzcZuPgO8GDpsI1Aqw=
github.com/aws/aws-sdk-go-v2/service/elasticloadbalancingv2 v1.18.22 h1:EbYXWwuQAoT2Wtc9LC+n0cQiSokCB8em/8T0dtPowos=
github.com/aws/aws-sdk-go-v2/service/elasticloadbalancingv2 v1.18.22/go.mod h1:uIsRP+M5F/Ch+21isqTg6u16FXl2yzupCX0Dli4eQEM=
github.com/aws/aws-sdk-go-v2/service/fsx v1.25.4 h1:cqb2+5MxHa+qdNWiu4giFuDdgBlyDzDawiROMYTuzBM=
github.com/aws/aws-sdk-go-v2/service/fsx v1.25.4/go.mod h1:dOw+yZ4MsogGQIWd7z6jNb0Q9aSlSeTy3EZWKDGT/dM=
github.com/aws/aws-sdk-go-v2/service/grafana v1.9.15 h1:qbUnk89QYZPh/ANzGE9d4Ybiieu9Si0riV9fDAP52H0=
github.com/aws/aws-sdk-go-v2/service/grafana v1.9.15/go.mod h1:mvMvy3rVAodoUa9hx6vS8cooFkLlpkt46n7BWVZNyA0=
github.com/aws/aws-sdk-go-v2/service/iam v1.18.22 h1:JRgyDCvWrPSsvFL4plqy75dQgOlw2/tymxLzK+KLT8s=
github.com/aws/aws-sdk-go-v2/service/iam v1.18.22/go.mod h1:yQ92mKfw/Gg5AvgxGmfdufKEyVoa9RNBsdnB9j5Gzkk=
github.com/aws/aws-sdk-go-v2/service/internal/accept-encoding v1.9.9 h1:Lh1AShsuIJTwMkoxVCAYPJgNG5H+eN6SmoUn8nOZ5wE=
github.com/aws/aws-sdk-go-v2/service/internal/accept-encoding v1.9.9/go.mod h1:a9j48l6yL5XINLHLcOKInjdvknN+vWqPBxqeIDw7ktw=
github.com/aws/aws-sdk-go-v2/service/internal/checksum v1.1.18 h1:BBYoNQt2kUZUUK4bIPsKrCcjVPUMNsgQpNAwhznK/zo=
github.com/aws/aws-sdk-go-v2/service/internal/checksum v1.1.18/go.mod h1:NS55eQ4YixUJPTC+INxi2/jCqe1y2Uw3rnh9wEOVJxY=
github.com/aws/aws-sdk-go-v2/service/internal/presigned-url v1.9.17/go.mod h1:4nYOrY41Lrbk2170/BGkcJKBhws9Pfn8MG3aGqjjeFI=
github.com/aws/aws-sdk-go-v2/service/internal/presigned-url v1.9.18/go.mod h1:QtCDHDOXunxeihz7iU15e09u9gRIeaa5WeE6FZVnGUo=
github.com/aws/aws-sdk-go-v2/service/internal/presigned-url v1.9.19 h1:GE25AWCdNUPh9AOJzI9KIJnja7IwUc1WyUqz/JTyJ/I=
github.com/aws/aws-sdk-go-v2/service/internal/presigned-url v1.9.19/go.mod h1:02CP6iuYP+IVnBX5HULVdSAku/85eHB2Y9EsFhrkEwU=
github.com/aws/aws-sdk-go-v2/service/internal/s3shared v1.13.17 h1:HfVVR1vItaG6le+Bpw6P4midjBDMKnjMyZnw9MXYUcE=
github.com/aws/aws-sdk-go-v2/service/internal/s3shared v1.13.17/go.mod h1:YqMdV+gEKCQ59NrB7rzrJdALeBIsYiVi8Inj3+KcqHI=
github.com/aws/aws-sdk-go-v2/service/lambda v1.24.6 h1:N7RkXX2SJbN+TCp295J3LdMR0KRFd2Bhi5nIO+svLQY=
github.com/aws/aws-sdk-go-v2/service/lambda v1.24.6/go.mod h1:oTJIIluTaJCRT6xP1AZpuU3JwRHBC0Q5O4Hg+SUxFHw=
github.com/aws/aws-sdk-go-v2/service/lightsail v1.23.2 h1:taL77V/XEcokFi29cmG9aFmCx42IlWbXOvQVk4cGpCs=
github.com/aws/aws-sdk-go-v2/service/lightsail v1.23.2/go.mod h1:LYCAGTJ4XgNZAESKxLC9L12F7IIQbJHccVxanY8DYzo=
github.com/aws/aws-sdk-go-v2/service/mq v1.13.15 h1:K0UbxNfaPHoIXo0T4L4jrbE+TKcVPYp55nEnMLxVRPk=
github.com/aws/aws-sdk-go-v2/service/mq v1.13.15/go.mod h1:ycghPMXYItx5Y74iehFgGwDNUMXdq0xCxLaYC5uYZO0=
github.com/aws/aws-sdk-go-v2/service/opensearch v1.10.12 h1:J3/Tngh2ByHOtyV/FS34tsS4HNi1xGVhXgpwB9ubz6Q=
github.com/aws/aws-sdk-go-v2/service/opensearch v1.10.12/go.mod h1:7mh4ks7MsQUuhHFCr10LIF9gKVS+0yylPUmCEM/kzJE=
github.com/aws/aws-sdk-go-v2/service/rds v1.26.2 h1:LaB+pfXQeF55cZ2oy3nr+LP69jWu3bE7d5ZlHASCkEg=
github.com/aws/aws-sdk-go-v2/service/rds v1.26.2/go.mod h1:T6tL83PSrBmp0OE8bqJQ57lE77XbM2wqnUX4wEYXbGo=
github.com/aws/aws-sdk-go-v2/service/redshift v1.26.13 h1:q1SMdYb6hOggSGeq9LZ+7cyTaOPyvjNcCTPxUldLyrc=
github.com/aws/aws-sdk-go-v2/service/redshift v1.26.13/go.mod h1:Ds+ElMoF3oxjYWJZofKeNeih3q3W7vzRCkRdnu/aOj8=
github.com/aws/aws-sdk-go-v2/service/resourcegroupstaggingapi v1.13.19 h1:1KQhU01IDvg4fohFIBGlITT4OM/Q99QY6FRj23M1MUg=
github.com/aws/aws-sdk-go-v2/service/resourcegroupstaggingapi v1.13.19/go.mod h1:tTgBdzibiIxq4r4+ZopTWLk4rh9U5imMsdKPALItjH8=
github.com/aws/aws-sdk-go-v2/service/route53 v1.22.3 h1:35r4Cz4EDdaog3XEe9nXsefry2Tsrt+8/KdfQ/iDr7Q=
github.com/aws/aws-sdk-go-v2/service/route53 v1.22.3/go.mod h1:OI1l8r9umXvVMbD35wBk2YsVPYmJIwtt03Ph1x8HPtc=
github.com/aws/aws-sdk-go-v2/service/s3 v1.28.0 h1:2TDTNMeOdEBVhuHPS6at9eqAPdco4A1iwRO5tov9Ylg=
github.com/aws/aws-sdk-go-v2/service/s3 v1.28.0/go.mod h1:fmgDANqTUCxciViKl9hb/zD5LFbvPINFRgWhDbR+vZo=
github.com/aws/aws-sdk-go-v2/service/sagemaker v1.54.0 h1:jFgUbmNSv6YoRCOQ0QqLtWU2IQh5RywBoNMDXoHxfO8=
github.com/aws/aws-sdk-go-v2/service/sagemaker v1.54.0/go.mod h1:umigFBRAb3i0OTRXRYDLlCawnJPYCWLhod55+tZHOFA=
github.com/aws/aws-sdk-go-v2/service/secretsmanager v1.16.3 h1:d5S+OhXne5O3cIo999RARy/N1dgXW2ldWgD53qbEAP4=
github.com/aws/aws-sdk-go-v2/service/secretsmanager v1.16.3/go.mod h1:+X/VSQcuvHPWPRlM64HoWUJAPwsD86KpU9Z52lrsodM=
github.com/aws/aws-sdk-go-v2/service/ssm v1.31.2 h1:yxazp4xlXCvS8sObRSy5KRS79kIUIwMlcaDjF+lZdyk=
github.com/aws/aws-sdk-go-v2/service/ssm v1.31.2/go.mod h1:NmcQpXx4wh1Gts8UckJ53JbU1WEyIWxNxZcRHounFoI=
github.com/aws/aws-sdk-go-v2/service/sso v1.11.23 h1:pwvCchFUEnlceKIgPUouBJwK81aCkQ8UDMORfeFtW10=
github.com/aws/aws-sdk-go-v2/service/sso v1.11.23/go.mod h1:/w0eg9IhFGjGyyncHIQrXtU8wvNsTJOP0R6PPj0wf80=
github.com/aws/aws-sdk-go-v2/service/ssooidc v1.13.6 h1:OwhhKc1P9ElfWbMKPIbMMZBV6hzJlL2JKD76wNNVzgQ=
github.com/aws/aws-sdk-go-v2/service/ssooidc v1.13.6/go.mod h1:csZuQY65DAdFBt1oIjO5hhBR49kQqop4+lcuCjf2arA=
github.com/aws/aws-sdk-go-v2/service/sts v1.16.19 h1:9pPi0PsFNAGILFfPCk8Y0iyEBGc6lu6OQ97U7hmdesg=
github.com/aws/aws-sdk-go-v2/service/sts v1.16.19/go.mod h1:h4J3oPZQbxLhzGnk+j9dfYHi5qIOVJ5kczZd658/ydM=
github.com/aws/smithy-go v1.13.3/go.mod h1:Tg+OJXh4MB2R/uN61Ko2f6hTZwB/ZYGOtib8J3gBHzA=
github.com/aws/smithy-go v1.13.4 h1:/RN2z1txIJWeXeOkzX+Hk/4Uuvv7dWtCjbmVJcrskyk=
github.com/aws/smithy-go v1.13.4/go.mod h1:Tg+OJXh4MB2R/uN61Ko2f6hTZwB/ZYGOtib8J3gBHzA=
github.com/cpuguy83/go-md2man/v2 v2.0.2/go.mod h1:tgQtvFlXSQOSOSIRvRPT7W67SCa46tRHOmNcaadrF8o=
github.com/creack/pty v1.1.9/go.mod h1:oKZEueFk5CKHvIhNR5MUki03XCEU+Q6VDXinZuGJ33E=
github.com/davecgh/go-spew v1.1.0/go.mod h1:J7Y8YcW2NihsgmVo/mv3lAwl/skON4iLHjSsI+c5H38=
github.com/davecgh/go-spew v1.1.1 h1:vj9j/u1bqnvCEfJOwUhtlOARqs3+rkHYY13jYWTU97c=
github.com/davecgh/go-spew v1.1.1/go.mod h1:J7Y8YcW2NihsgmVo/mv3lAwl/skON4iLHjSsI+c5H38=
github.com/google/go-cmp v0.5.8/go.mod h1:17dUlkBOakJ0+DkrSSNjCkIjxS6bF9zb3elmeNGIjoY=
github.com/google/go-cmp v0.5.9 h1:O2Tfq5qg4qc4AmwVlvv0oLiVAGB7enBSJ2x2DqQFi38=
github.com/google/go-cmp v0.5.9/go.mod h1:17dUlkBOakJ0+DkrSSNjCkIjxS6bF9zb3elmeNGIjoY=
github.com/inconshreveable/mousetrap v1.0.1 h1:U3uMjPSQEBMNp1lFxmllqCPM6P5u/Xq7Pgzkat/bFNc=
github.com/inconshreveable/mousetrap v1.0.1/go.mod h1:vpF70FUmC8bwa3OWnCshd2FqLfsEA9PFc4w1p2J65bw=
github.com/jmespath/go-jmespath v0.4.0 h1:BEgLn5cpjn8UN1mAw4NjwDrS35OdebyEtFe+9YPoQUg=
github.com/jmespath/go-jmespath v0.4.0/go.mod h1:T8mJZnbsbmF+m6zOOFylbeCJqk5+pHWvzYPziyZiYoo=
github.com/jmespath/go-jmespath/internal/testify v1.5.1 h1:shLQSRRSCCPj3f2gpwzGwWFoC7ycTf1rcQZHOlsJ6N8=
github.com/jmespath/go-jmespath/internal/testify v1.5.1/go.mod h1:L3OGu8Wl2/fWfCI6z80xFu9LTZmf1ZRjMHUOPmWr69U=
github.com/kr/pretty v0.2.1 h1:Fmg33tUaq4/8ym9TJN1x7sLJnHVwhP33CNkpYV/7rwI=
github.com/kr/pretty v0.2.1/go.mod h1:ipq/a2n7PKx3OHsz4KJII5eveXtPO4qwEXGdVfWzfnI=
github.com/kr/pty v1.1.1/go.mod h1:pFQYn66WHrOpPYNljwOMqo10TkYh1fy3cYio2l3bCsQ=
github.com/kr/text v0.1.0/go.mod h1:4Jbv+DJW3UT/LiOwJeYQe1efqtUx/iVham/4vfdArNI=
github.com/kr/text v0.2.0 h1:5Nx0Ya0ZqY2ygV366QzturHI13Jq95ApcVaJBhpS+AY=
github.com/kr/text v0.2.0/go.mod h1:eLer722TekiGuMkidMxC/pM04lWEeraHUUmBw8l2grE=
github.com/mattn/go-runewidth v0.0.14 h1:+xnbZSEeDbOIg5/mE6JF0w6n9duR1l3/WmbinWVwUuU=
github.com/mattn/go-runewidth v0.0.14/go.mod h1:Jdepj2loyihRzMpdS35Xk/zdY8IAYHsh153qUoGf23w=
github.com/pmezard/go-difflib v1.0.0 h1:4DBwDE0NGyQoBHbLQYPwSUPoCMWR5BEzIk/f1lZbAQM=
github.com/pmezard/go-difflib v1.0.0/go.mod h1:iKH77koFhYxTK1pcRnkKkqfTogsbg7gZNVY4sRDYZ/4=
github.com/rivo/uniseg v0.2.0 h1:S1pD9weZBuJdFmowNwbpi7BJ8TNftyUImj/0WQi72jY=
github.com/rivo/uniseg v0.2.0/go.mod h1:J6wj4VEh+S6ZtnVlnTBMWIodfgj8LQOQFoIToxlJtxc=
github.com/russross/blackfriday/v2 v2.1.0/go.mod h1:+Rmxgy9KzJVeS9/2gXHxylqXiyQDYRxCVz55jmeOWTM=
github.com/spf13/cobra v1.6.0 h1:42a0n6jwCot1pUmomAp4T7DeMD+20LFv4Q54pxLf2LI=
github.com/spf13/cobra v1.6.0/go.mod h1:IOw/AERYS7UzyrGinqmz6HLUo219MORXGxhbaJUqzrY=
github.com/spf13/pflag v1.0.5 h1:iy+VFUOCP1a+8yFto/drg2CJ5u0yRoB7fZw3DKv/JXA=
github.com/spf13/pflag v1.0.5/go.mod h1:McXfInJRrz4CZXVZOBLb0bTZqETkiAhM9Iw0y3An2Bg=
github.com/stretchr/objx v0.1.0/go.mod h1:HFkY916IF+rwdDfMAkV7OtwuqBVzrE8GR6GFx+wExME=
github.com/stretchr/objx v0.4.0/go.mod h1:YvHI0jy2hoMjB+UWwv71VJQ9isScKT/TqJzVSSt89Yw=
github.com/stretchr/testify v1.7.1/go.mod h1:6Fq8oRcR53rry900zMqJjRRixrwX3KX962/h/Wwjteg=
github.com/stretchr/testify v1.8.0 h1:pSgiaMZlXftHpm5L7V1+rVB+AZJydKsMxsQBIJw4PKk=
github.com/stretchr/testify v1.8.0/go.mod h1:yNjHg4UonilssWZ8iaSj1OCr/vHnekPRkoO+kdMU+MU=
github.com/vbauerster/mpb/v8 v8.1.4 h1:MOcLTIbbAA892wVjRiuFHa1nRlNvifQMDVh12Bq/xIs=
github.com/vbauerster/mpb/v8 v8.1.4/go.mod h1:2fRME8lCLU9gwJwghZb1bO9A3Plc8KPeQ/ayGj+Ek4I=
golang.org/x/net v0.0.0-20210916014120-12bc252f5db8/go.mod h1:9nx3DQGgdP8bBQD5qxJ1jj9UTztislL4KSBs9R2vV5Y=
golang.org/x/net v0.0.0-20220722155237-a158d28d115b h1:PxfKdU9lEEDYjdIzOtC4qFWgkU2rGHdKlKowJSMN9h0=
golang.org/x/net v0.0.0-20220722155237-a158d28d115b/go.mod h1:XRhObCWvk6IyKnWLug+ECip1KBveYUHfp+8e9klMJ9c=
golang.org/x/sys v0.0.0-20201119102817-f84b799fce68/go.mod h1:h1NjWce9XRLGQEsW7wpKNCjG9DtNlClVuFLEZdDNbEs=
golang.org/x/sys v0.0.0-20210423082822-04245dca01da/go.mod h1:h1NjWce9XRLGQEsW7wpKNCjG9DtNlClVuFLEZdDNbEs=
golang.org/x/sys v0.1.0 h1:kunALQeHf1/185U1i0GOB/fy1IPRDDpuoOOqRReG57U=
golang.org/x/sys v0.1.0/go.mod h1:oPkhp1MJrh7nUepCBck5+mAzfO9JrbApNNgaTdGDITg=
golang.org/x/term v0.0.0-20201126162022-7de9c90e9dd1/go.mod h1:bj7SfCRtBDWHUb9snDiAeCFNEtKQo2Wmx5Cou7ajbmo=
golang.org/x/term v0.0.0-20220526004731-065cf7ba2467 h1:CBpWXWQpIRjzmkkA+M7q9Fqnwd2mZr3AFqexg8YTfoM=
golang.org/x/term v0.0.0-20220526004731-065cf7ba2467/go.mod h1:jbD1KX2456YbFQfuXm/mYQcufACuNUgVhRMnK/tPxf8=
golang.org/x/text v0.3.6/go.mod h1:5Zoc/QRtKVWzQhOtBMvqHzDpF6irO9z98xDceosuGiQ=
golang.org/x/tools v0.0.0-20180917221912-90fa682c2a6e/go.mod h1:n7NCudcB/nEzxVGmLbDWY5pfWTLqBcC2KZ6jyYvM4mQ=
gopkg.in/check.v1 v0.0.0-20161208181325-20d25e280405/go.mod h1:Co6ibVJAznAaIkqp8huTwlJQCZ016jof/cbN4VW5Yz0=
gopkg.in/check.v1 v1.0.0-20201130134442-10cb98267c6c h1:Hei/4ADfdWqJk1ZMxUNpqntNwaWcugrBjAiHlqqRiVk=
gopkg.in/check.v1 v1.0.0-20201130134442-10cb98267c6c/go.mod h1:JHkPIbrfpd72SG/EVd6muEfDQjcINNoR0C8j2r3qZ4Q=
gopkg.in/yaml.v2 v2.2.8/go.mod h1:hI93XBmqTisBFMUTm0b8Fm+jr3Dg1NNxqwp+5A1VGuI=
gopkg.in/yaml.v2 v2.4.0 h1:D8xgwECY7CYvx+Y2n4sBz93Jn9JRvxdiyyo8CTfuKaY=
gopkg.in/yaml.v2 v2.4.0/go.mod h1:RDklbk79AGWmwhnvt/jBztapEOGDOx6ZbXqjP6csGnQ=
gopkg.in/yaml.v3 v3.0.0-20200313102051-9f266ea9e77c/go.mod h1:K4uyk7z7BCEPqu6E+C64Yfv1cQ7kz7rIZviUmN+EgEM=
gopkg.in/yaml.v3 v3.0.1 h1:fxVm/GzAzEWqLHuvctI91KS9hhNmmWOoWu0XTYJS7CA=
gopkg.in/yaml.v3 v3.0.1/go.mod h1:K4uyk7z7BCEPqu6E+C64Yfv1cQ7kz7rIZviUmN+EgEM=
